# This file was autogenerated by Stack.
# You should not edit this file by hand.
# For more information, please see the documentation at:
#   https://docs.haskellstack.org/en/stable/lock_files

packages:
- completed:
    hackage: tasty-1.4.2.2@sha256:b987609178d70c0042b950302161a049be8a878aa8cee4a9c7ba81d22d29a3f5,2719
    pantry-tree:
      sha256: a93f5e31aac66a82a885cb2ddc8eada9a8adefe8587da1c4085fae58b6bc4683
      size: 1944
  original:
    hackage: tasty-1.4.2.2
- completed:
    hackage: tasty-hunit-0.10.1@sha256:ebc17b490750d4796b21d44001b852688cc39f9c34e387d5e7958e09b9b3f3b9,1602
    pantry-tree:
      sha256: c00ed23d8281b6c6f4ec33dd1e9e3a7971b0a769b6140978cfaf2a6eff025c78
      size: 399
  original:
    hackage: tasty-hunit-0.10.1
- completed:
    hackage: bytestring-0.12.0.2@sha256:9fc077ff5b7ed2246773c3ac4370ef8822e4834d4587522b68ae551a5968fb86,7891
    pantry-tree:
      sha256: 05b5b3ef529f137062c632c38d9c94482ee25bcc0438d51a4be5448dafe690c9
      size: 4355
  original:
    hackage: bytestring-0.12.0.2
- completed:
    hackage: unix-2.8.5.0@sha256:633f15ef0bd50a16a7b5c5e86e6659fee6e4e211e098cc8bd0029f452bfcfddc,9808
    pantry-tree:
      sha256: d02b6227c6717f58c6f6ef1923f70af11b1a88987917010c3819c433344f4e3a
      size: 5821
  original:
    hackage: unix-2.8.5.0
- completed:
    hackage: process-1.6.18.0@sha256:69fbbca4151e1a6d1a5da41a1e17c254871675a4f2aed5213bbdfb10b5e52742,3148
    pantry-tree:
      sha256: cd0bf20226dad3e1a1cfee36d38c3f74e851c3d1418d41d8cd3fb656d4f16634
      size: 1675
  original:
    hackage: process-1.6.18.0
- completed:
    hackage: text-2.1@sha256:471b9a22f88b1d51bc343e7d1db7bf88b84e1582eb6d5fbe643fe7afc683c256,9422
    pantry-tree:
      sha256: eeaf5496ca61f2c7823c2c851b6841203a854166b2a1d458fb8f302b7bcc6092
      size: 7878
  original:
    hackage: text-2.1
- completed:
    hackage: binary-0.8.9.1@sha256:81f468c1c75fd6535152ab69b2d32ac6cfcc03e345267b069abe4da56ec95801,6523
    pantry-tree:
      sha256: 956ecd662408f69615977b87a92e042abcdc447b7824b8aabf5788c4393c10c5
      size: 1976
  original:
    hackage: binary-0.8.9.1
- completed:
    hackage: directory-1.3.8.2@sha256:aa62af76daa1ed082933561a98ae342d4c3ef24bcca7197376ef605fee7d0949,3150
    pantry-tree:
      sha256: 80e22e8d8bccbc6a9b26bd4a153550c2c8e3739d5a77efe0633e3e1bd2f18a60
      size: 3519
  original:
    hackage: directory-1.3.8.2
- completed:
    hackage: filepath-1.4.100.4@sha256:2de84756d3907308230e34fcc7c1917a73f218f6d53838618b7d5b95dd33e2c3,5536
    pantry-tree:
      sha256: 3f8869f574ea76933efe77ed3c6e4e5a646317b38e8962970c8d0d092266f230
      size: 3346
  original:
    hackage: filepath-1.4.100.4
- completed:
    hackage: Win32-2.13.4.0@sha256:6a1299d051c514aa5ac7b77ef5f86be6c0aa6940b00302c6dc246192c7a97d99,5769
    pantry-tree:
      sha256: d9d803aee91429f95e4de4795fc41451765761f73df5c009edd7333e2f3a49a1
      size: 8011
  original:
    hackage: Win32-2.13.4.0
- completed:
    hackage: time-1.12.2@sha256:88e8493d9130038d3b9968a2530a0900141cd3d938483c83dde56e12b875ebc8,6510
    pantry-tree:
      sha256: de0ab314661da3788b5dad20254e44929b1659b00d32b5a0cd54922a05e006e8
      size: 7264
  original:
    hackage: time-1.12.2
snapshots:
- completed:
    sha256: e176944bc843f740e05242fa7a66ca1f440c127e425254f7f1257f9b19add23f
    size: 712153
    url: https://raw.githubusercontent.com/commercialhaskell/stackage-snapshots/master/lts/22/0.yaml
  original:
    url: https://raw.githubusercontent.com/commercialhaskell/stackage-snapshots/master/lts/22/0.yaml
