# This file was autogenerated by Stack.
# You should not edit this file by hand.
# For more information, please see the documentation at:
#   https://docs.haskellstack.org/en/stable/lock_files

packages:
- completed:
    hackage: bytestring-0.12.0.2@sha256:9fc077ff5b7ed2246773c3ac4370ef8822e4834d4587522b68ae551a5968fb86,7891
    pantry-tree:
      sha256: 05b5b3ef529f137062c632c38d9c94482ee25bcc0438d51a4be5448dafe690c9
      size: 4355
  original:
    hackage: bytestring-0.12.0.2
snapshots:
- completed:
    sha256: e176944bc843f740e05242fa7a66ca1f440c127e425254f7f1257f9b19add23f
    size: 712153
    url: https://raw.githubusercontent.com/commercialhaskell/stackage-snapshots/master/lts/22/0.yaml
  original:
    url: https://raw.githubusercontent.com/commercialhaskell/stackage-snapshots/master/lts/22/0.yaml
